
Microsoft Visual Studio Solution File, Format Version 12.00
# Visual Studio Version 18
VisualStudioVersion = 18.0.11205.157 d18.0
MinimumVisualStudioVersion = 10.0.40219.1
Project("{2150E333-8FDC-42A3-9474-1A3956D46DE8}") = "Solution Items", "Solution Items", "{B613D6B8-4835-45EA-BA12-A263535122AA}"
	ProjectSection(SolutionItems) = preProject
		.gitignore = .gitignore
		Build\Build.Configuration.cs = Build\Build.Configuration.cs
		Changelog.md = Changelog.md
		Readme.md = Readme.md
	EndProjectSection
EndProject
Project("{2150E333-8FDC-42A3-9474-1A3956D46DE8}") = "Automation", "Automation", "{CBFB1DFA-3227-44FF-85BA-42CB7FB1560C}"
EndProject
Project("{FAE04EC0-301F-11D3-BF4B-00C04F79EFBC}") = "Build", "build\Build.csproj", "{7E7DD11A-2D8F-4F71-898D-5930F2B5F9C5}"
EndProject
Project("{FAE04EC0-301F-11D3-BF4B-00C04F79EFBC}") = "Installer", "install\Installer.csproj", "{0278DCD4-1644-4185-BC7A-B3700E627881}"
EndProject
Global
	GlobalSection(SolutionConfigurationPlatforms) = preSolution
		Debug R21|Any CPU = Debug R21|Any CPU
		Debug R22|Any CPU = Debug R22|Any CPU
		Debug R23|Any CPU = Debug R23|Any CPU
		Debug R24|Any CPU = Debug R24|Any CPU
		Debug R25|Any CPU = Debug R25|Any CPU
		Debug R26|Any CPU = Debug R26|Any CPU
		Release R21|Any CPU = Release R21|Any CPU
		Release R22|Any CPU = Release R22|Any CPU
		Release R23|Any CPU = Release R23|Any CPU
		Release R24|Any CPU = Release R24|Any CPU
		Release R25|Any CPU = Release R25|Any CPU
		Release R26|Any CPU = Release R26|Any CPU
	EndGlobalSection
	GlobalSection(ProjectConfigurationPlatforms) = postSolution
		{7E7DD11A-2D8F-4F71-898D-5930F2B5F9C5}.Debug R21|Any CPU.ActiveCfg = Debug|Any CPU
		{7E7DD11A-2D8F-4F71-898D-5930F2B5F9C5}.Debug R22|Any CPU.ActiveCfg = Debug|Any CPU
		{7E7DD11A-2D8F-4F71-898D-5930F2B5F9C5}.Debug R23|Any CPU.ActiveCfg = Debug|Any CPU
		{7E7DD11A-2D8F-4F71-898D-5930F2B5F9C5}.Debug R24|Any CPU.ActiveCfg = Debug|Any CPU
		{7E7DD11A-2D8F-4F71-898D-5930F2B5F9C5}.Debug R25|Any CPU.ActiveCfg = Debug|Any CPU
		{7E7DD11A-2D8F-4F71-898D-5930F2B5F9C5}.Debug R26|Any CPU.ActiveCfg = Debug|Any CPU
		{7E7DD11A-2D8F-4F71-898D-5930F2B5F9C5}.Release R21|Any CPU.ActiveCfg = Release|Any CPU
		{7E7DD11A-2D8F-4F71-898D-5930F2B5F9C5}.Release R22|Any CPU.ActiveCfg = Release|Any CPU
		{7E7DD11A-2D8F-4F71-898D-5930F2B5F9C5}.Release R23|Any CPU.ActiveCfg = Release|Any CPU
		{7E7DD11A-2D8F-4F71-898D-5930F2B5F9C5}.Release R24|Any CPU.ActiveCfg = Release|Any CPU
		{7E7DD11A-2D8F-4F71-898D-5930F2B5F9C5}.Release R25|Any CPU.ActiveCfg = Release|Any CPU
		{7E7DD11A-2D8F-4F71-898D-5930F2B5F9C5}.Release R26|Any CPU.ActiveCfg = Release|Any CPU
		{0278DCD4-1644-4185-BC7A-B3700E627881}.Debug R21|Any CPU.ActiveCfg = Debug|Any CPU
		{0278DCD4-1644-4185-BC7A-B3700E627881}.Debug R22|Any CPU.ActiveCfg = Debug|Any CPU
		{0278DCD4-1644-4185-BC7A-B3700E627881}.Debug R23|Any CPU.ActiveCfg = Debug|Any CPU
		{0278DCD4-1644-4185-BC7A-B3700E627881}.Debug R24|Any CPU.ActiveCfg = Debug|Any CPU
		{0278DCD4-1644-4185-BC7A-B3700E627881}.Debug R25|Any CPU.ActiveCfg = Debug|Any CPU
		{0278DCD4-1644-4185-BC7A-B3700E627881}.Debug R26|Any CPU.ActiveCfg = Debug|Any CPU
		{0278DCD4-1644-4185-BC7A-B3700E627881}.Release R21|Any CPU.ActiveCfg = Release|Any CPU
		{0278DCD4-1644-4185-BC7A-B3700E627881}.Release R22|Any CPU.ActiveCfg = Release|Any CPU
		{0278DCD4-1644-4185-BC7A-B3700E627881}.Release R23|Any CPU.ActiveCfg = Release|Any CPU
		{0278DCD4-1644-4185-BC7A-B3700E627881}.Release R24|Any CPU.ActiveCfg = Release|Any CPU
		{0278DCD4-1644-4185-BC7A-B3700E627881}.Release R25|Any CPU.ActiveCfg = Release|Any CPU
		{0278DCD4-1644-4185-BC7A-B3700E627881}.Release R26|Any CPU.ActiveCfg = Release|Any CPU
	EndGlobalSection
	GlobalSection(SolutionProperties) = preSolution
		HideSolutionNode = FALSE
	EndGlobalSection
	GlobalSection(NestedProjects) = preSolution
		{7E7DD11A-2D8F-4F71-898D-5930F2B5F9C5} = {CBFB1DFA-3227-44FF-85BA-42CB7FB1560C}
		{0278DCD4-1644-4185-BC7A-B3700E627881} = {CBFB1DFA-3227-44FF-85BA-42CB7FB1560C}
	EndGlobalSection
	GlobalSection(ExtensibilityGlobals) = postSolution
		SolutionGuid = {60ACE482-0A9F-4EAA-94FF-5F9C9736F9EB}
	EndGlobalSection
EndGlobal
